
Microsoft Visual Studio Solution File, Format Version 12.00
# Visual Studio Version 16
VisualStudioVersion = 16.0.30611.23
MinimumVisualStudioVersion = 10.0.40219.1
Project("{FAE04EC0-301F-11D3-BF4B-00C04F79EFBC}") = "12 element", "Lab 6\12 element.csproj", "{26183074-8CF7-41D8-9842-50B97D1B302F}"
EndProject
Project("{FAE04EC0-301F-11D3-BF4B-00C04F79EFBC}") = "4 element", "4 element\4 element.csproj", "{924B4BD7-83A9-4C76-9CFE-B971C5DA70AD}"
EndProject
Project("{FAE04EC0-301F-11D3-BF4B-00C04F79EFBC}") = "1000 elements", "1000 elements\1000 elements.csproj", "{6CE5FA6A-6876-4253-BEA7-0D3064CFB0F2}"
EndProject
Project("{FAE04EC0-301F-11D3-BF4B-00C04F79EFBC}") = "Paste and Modify", "Paste and Modify\Paste and Modify.csproj", "{61DCA401-ED16-4F89-87E0-805449E6D89F}"
EndProject
Project("{FAE04EC0-301F-11D3-BF4B-00C04F79EFBC}") = "7. Modify", "7. Modify\7. Modify.csproj", "{EA763B20-9624-45D6-9261-72EE722BD692}"
EndProject
Project("{FAE04EC0-301F-11D3-BF4B-00C04F79EFBC}") = "8. Modify", "8. Modify\8. Modify.csproj", "{7F38D7F3-4302-4597-9C2E-80A98530C882}"
EndProject
Global
	GlobalSection(SolutionConfigurationPlatforms) = preSolution
		Debug|Any CPU = Debug|Any CPU
		Release|Any CPU = Release|Any CPU
	EndGlobalSection
	GlobalSection(ProjectConfigurationPlatforms) = postSolution
		{26183074-8CF7-41D8-9842-50B97D1B302F}.Debug|Any CPU.ActiveCfg = Debug|Any CPU
		{26183074-8CF7-41D8-9842-50B97D1B302F}.Debug|Any CPU.Build.0 = Debug|Any CPU
		{26183074-8CF7-41D8-9842-50B97D1B302F}.Release|Any CPU.ActiveCfg = Release|Any CPU
		{26183074-8CF7-41D8-9842-50B97D1B302F}.Release|Any CPU.Build.0 = Release|Any CPU
		{924B4BD7-83A9-4C76-9CFE-B971C5DA70AD}.Debug|Any CPU.ActiveCfg = Debug|Any CPU
		{924B4BD7-83A9-4C76-9CFE-B971C5DA70AD}.Debug|Any CPU.Build.0 = Debug|Any CPU
		{924B4BD7-83A9-4C76-9CFE-B971C5DA70AD}.Release|Any CPU.ActiveCfg = Release|Any CPU
		{924B4BD7-83A9-4C76-9CFE-B971C5DA70AD}.Release|Any CPU.Build.0 = Release|Any CPU
		{6CE5FA6A-6876-4253-BEA7-0D3064CFB0F2}.Debug|Any CPU.ActiveCfg = Debug|Any CPU
		{6CE5FA6A-6876-4253-BEA7-0D3064CFB0F2}.Debug|Any CPU.Build.0 = Debug|Any CPU
		{6CE5FA6A-6876-4253-BEA7-0D3064CFB0F2}.Release|Any CPU.ActiveCfg = Release|Any CPU
		{6CE5FA6A-6876-4253-BEA7-0D3064CFB0F2}.Release|Any CPU.Build.0 = Release|Any CPU
		{61DCA401-ED16-4F89-87E0-805449E6D89F}.Debug|Any CPU.ActiveCfg = Debug|Any CPU
		{61DCA401-ED16-4F89-87E0-805449E6D89F}.Debug|Any CPU.Build.0 = Debug|Any CPU
		{61DCA401-ED16-4F89-87E0-805449E6D89F}.Release|Any CPU.ActiveCfg = Release|Any CPU
		{61DCA401-ED16-4F89-87E0-805449E6D89F}.Release|Any CPU.Build.0 = Release|Any CPU
		{EA763B20-9624-45D6-9261-72EE722BD692}.Debug|Any CPU.ActiveCfg = Debug|Any CPU
		{EA763B20-9624-45D6-9261-72EE722BD692}.Debug|Any CPU.Build.0 = Debug|Any CPU
		{EA763B20-9624-45D6-9261-72EE722BD692}.Release|Any CPU.ActiveCfg = Release|Any CPU
		{EA763B20-9624-45D6-9261-72EE722BD692}.Release|Any CPU.Build.0 = Release|Any CPU
		{7F38D7F3-4302-4597-9C2E-80A98530C882}.Debug|Any CPU.ActiveCfg = Debug|Any CPU
		{7F38D7F3-4302-4597-9C2E-80A98530C882}.Debug|Any CPU.Build.0 = Debug|Any CPU
		{7F38D7F3-4302-4597-9C2E-80A98530C882}.Release|Any CPU.ActiveCfg = Release|Any CPU
		{7F38D7F3-4302-4597-9C2E-80A98530C882}.Release|Any CPU.Build.0 = Release|Any CPU
	EndGlobalSection
	GlobalSection(SolutionProperties) = preSolution
		HideSolutionNode = FALSE
	EndGlobalSection
	GlobalSection(ExtensibilityGlobals) = postSolution
		SolutionGuid = {29A3627F-B220-472A-B901-A19E92FBCC7A}
	EndGlobalSection
EndGlobal
